
Microsoft Visual Studio Solution File, Format Version 12.00
# Visual Studio Version 17
VisualStudioVersion = 17.4.33103.184
MinimumVisualStudioVersion = 10.0.40219.1
Project("{FAE04EC0-301F-11D3-BF4B-00C04F79EFBC}") = "Krestikinoliki", "Krestikinoliki\Krestikinoliki.csproj", "{0B70159C-6F5C-4ECE-A12F-9761770CE32B}"
EndProject
Global
	GlobalSection(SolutionConfigurationPlatforms) = preSolution
		Debug|Any CPU = Debug|Any CPU
		Release|Any CPU = Release|Any CPU
	EndGlobalSection
	GlobalSection(ProjectConfigurationPlatforms) = postSolution
		{0B70159C-6F5C-4ECE-A12F-9761770CE32B}.Debug|Any CPU.ActiveCfg = Debug|Any CPU
		{0B70159C-6F5C-4ECE-A12F-9761770CE32B}.Debug|Any CPU.Build.0 = Debug|Any CPU
		{0B70159C-6F5C-4ECE-A12F-9761770CE32B}.Release|Any CPU.ActiveCfg = Release|Any CPU
		{0B70159C-6F5C-4ECE-A12F-9761770CE32B}.Release|Any CPU.Build.0 = Release|Any CPU
	EndGlobalSection
	GlobalSection(SolutionProperties) = preSolution
		HideSolutionNode = FALSE
	EndGlobalSection
	GlobalSection(ExtensibilityGlobals) = postSolution
		SolutionGuid = {1BA10681-2AAB-4E25-BEDB-42EBE8A29E51}
	EndGlobalSection
EndGlobal
